
Microsoft Visual Studio Solution File, Format Version 12.00
# Visual Studio Version 16
VisualStudioVersion = 16.0.29409.12
MinimumVisualStudioVersion = 10.0.40219.1
Project("{FAE04EC0-301F-11D3-BF4B-00C04F79EFBC}") = "CosmosDB.Optimisation", "CosmosDB.Optimisation\CosmosDB.Optimisation.csproj", "{F2F315C0-AA39-46C4-8486-41D820F474BA}"
EndProject
Global
	GlobalSection(SolutionConfigurationPlatforms) = preSolution
		Debug|Any CPU = Debug|Any CPU
		Release|Any CPU = Release|Any CPU
	EndGlobalSection
	GlobalSection(ProjectConfigurationPlatforms) = postSolution
		{F2F315C0-AA39-46C4-8486-41D820F474BA}.Debug|Any CPU.ActiveCfg = Debug|Any CPU
		{F2F315C0-AA39-46C4-8486-41D820F474BA}.Debug|Any CPU.Build.0 = Debug|Any CPU
		{F2F315C0-AA39-46C4-8486-41D820F474BA}.Release|Any CPU.ActiveCfg = Release|Any CPU
		{F2F315C0-AA39-46C4-8486-41D820F474BA}.Release|Any CPU.Build.0 = Release|Any CPU
	EndGlobalSection
	GlobalSection(SolutionProperties) = preSolution
		HideSolutionNode = FALSE
	EndGlobalSection
	GlobalSection(ExtensibilityGlobals) = postSolution
		SolutionGuid = {70818983-9B5B-4411-BD0E-2C584B5CD36D}
	EndGlobalSection
EndGlobal
